// !$*UTF8*$!
{
	archiveVersion = 1;
	classes = {
	};
	objectVersion = 46;
	objects = {

/* Begin PBXBuildFile section */
		1B58D64CDE4441204D43E6CB /* Pods_ZaifSwiftTests.framework in Frameworks */ = {isa = PBXBuildFile; fileRef = C9D361C22B89D95465F5425A /* Pods_ZaifSwiftTests.framework */; };
		4F24A78DF0357E6DE36C263E /* Pods_ZaifSwift.framework in Frameworks */ = {isa = PBXBuildFile; fileRef = 86F7F6771739DBCB96F342C3 /* Pods_ZaifSwift.framework */; };
		B85CA4231D297186008987DA /* Keys.swift in Sources */ = {isa = PBXBuildFile; fileRef = B85CA4221D297186008987DA /* Keys.swift */; };
		B85D96EC1D311F3D00A0B38E /* Stream.swift in Sources */ = {isa = PBXBuildFile; fileRef = B85D96EB1D311F3D00A0B38E /* Stream.swift */; };
		B85D96ED1D31544B00A0B38E /* Stream.swift in Sources */ = {isa = PBXBuildFile; fileRef = B85D96EB1D311F3D00A0B38E /* Stream.swift */; };
		B89412F81D296F9A00AA1A4B /* ZaifSwift.h in Headers */ = {isa = PBXBuildFile; fileRef = B89412F71D296F9A00AA1A4B /* ZaifSwift.h */; settings = {ATTRIBUTES = (Public, ); }; };
		B89412FF1D296F9A00AA1A4B /* ZaifSwift.framework in Frameworks */ = {isa = PBXBuildFile; fileRef = B89412F41D296F9A00AA1A4B /* ZaifSwift.framework */; };
		B89413041D296F9A00AA1A4B /* ZaifSwiftTests.swift in Sources */ = {isa = PBXBuildFile; fileRef = B89413031D296F9A00AA1A4B /* ZaifSwiftTests.swift */; };
		B89413141D29704100AA1A4B /* Error.swift in Sources */ = {isa = PBXBuildFile; fileRef = B894130E1D29704100AA1A4B /* Error.swift */; };
		B89413151D29704100AA1A4B /* History.swift in Sources */ = {isa = PBXBuildFile; fileRef = B894130F1D29704100AA1A4B /* History.swift */; };
		B89413161D29704100AA1A4B /* Nonce.swift in Sources */ = {isa = PBXBuildFile; fileRef = B89413101D29704100AA1A4B /* Nonce.swift */; };
		B89413171D29704100AA1A4B /* Resource.swift in Sources */ = {isa = PBXBuildFile; fileRef = B89413111D29704100AA1A4B /* Resource.swift */; };
		B89413181D29704100AA1A4B /* Trade.swift in Sources */ = {isa = PBXBuildFile; fileRef = B89413121D29704100AA1A4B /* Trade.swift */; };
		B89413191D29704100AA1A4B /* ZaifSwift.swift in Sources */ = {isa = PBXBuildFile; fileRef = B89413131D29704100AA1A4B /* ZaifSwift.swift */; };
		B894131A1D29705500AA1A4B /* Error.swift in Sources */ = {isa = PBXBuildFile; fileRef = B894130E1D29704100AA1A4B /* Error.swift */; };
		B894131B1D29705800AA1A4B /* History.swift in Sources */ = {isa = PBXBuildFile; fileRef = B894130F1D29704100AA1A4B /* History.swift */; };
		B894131C1D29705C00AA1A4B /* Nonce.swift in Sources */ = {isa = PBXBuildFile; fileRef = B89413101D29704100AA1A4B /* Nonce.swift */; };
		B894131D1D29706000AA1A4B /* Resource.swift in Sources */ = {isa = PBXBuildFile; fileRef = B89413111D29704100AA1A4B /* Resource.swift */; };
		B894131E1D29706300AA1A4B /* Trade.swift in Sources */ = {isa = PBXBuildFile; fileRef = B89413121D29704100AA1A4B /* Trade.swift */; };
		B894131F1D29706700AA1A4B /* ZaifSwift.swift in Sources */ = {isa = PBXBuildFile; fileRef = B89413131D29704100AA1A4B /* ZaifSwift.swift */; };
/* End PBXBuildFile section */

/* Begin PBXContainerItemProxy section */
		B89413001D296F9A00AA1A4B /* PBXContainerItemProxy */ = {
			isa = PBXContainerItemProxy;
			containerPortal = B89412EB1D296F9900AA1A4B /* Project object */;
			proxyType = 1;
			remoteGlobalIDString = B89412F31D296F9A00AA1A4B;
			remoteInfo = ZaifSwift;
		};
/* End PBXContainerItemProxy section */

/* Begin PBXFileReference section */
		762D3B034B0D7C38B20B2629 /* Pods-ZaifSwift.release.xcconfig */ = {isa = PBXFileReference; includeInIndex = 1; lastKnownFileType = text.xcconfig; name = "Pods-ZaifSwift.release.xcconfig"; path = "Pods/Target Support Files/Pods-ZaifSwift/Pods-ZaifSwift.release.xcconfig"; sourceTree = "<group>"; };
		86F7F6771739DBCB96F342C3 /* Pods_ZaifSwift.framework */ = {isa = PBXFileReference; explicitFileType = wrapper.framework; includeInIndex = 0; path = Pods_ZaifSwift.framework; sourceTree = BUILT_PRODUCTS_DIR; };
		87CC8CF59C8132644AD8D1A7 /* Pods-ZaifSwift.debug.xcconfig */ = {isa = PBXFileReference; includeInIndex = 1; lastKnownFileType = text.xcconfig; name = "Pods-ZaifSwift.debug.xcconfig"; path = "Pods/Target Support Files/Pods-ZaifSwift/Pods-ZaifSwift.debug.xcconfig"; sourceTree = "<group>"; };
		962AE8221FE26508F001FB5C /* Pods-ZaifSwiftTests.debug.xcconfig */ = {isa = PBXFileReference; includeInIndex = 1; lastKnownFileType = text.xcconfig; name = "Pods-ZaifSwiftTests.debug.xcconfig"; path = "Pods/Target Support Files/Pods-ZaifSwiftTests/Pods-ZaifSwiftTests.debug.xcconfig"; sourceTree = "<group>"; };
		B85CA4221D297186008987DA /* Keys.swift */ = {isa = PBXFileReference; fileEncoding = 4; lastKnownFileType = sourcecode.swift; path = Keys.swift; sourceTree = "<group>"; };
		B85D96EB1D311F3D00A0B38E /* Stream.swift */ = {isa = PBXFileReference; fileEncoding = 4; lastKnownFileType = sourcecode.swift; path = Stream.swift; sourceTree = "<group>"; };
		B89412F41D296F9A00AA1A4B /* ZaifSwift.framework */ = {isa = PBXFileReference; explicitFileType = wrapper.framework; includeInIndex = 0; path = ZaifSwift.framework; sourceTree = BUILT_PRODUCTS_DIR; };
		B89412F71D296F9A00AA1A4B /* ZaifSwift.h */ = {isa = PBXFileReference; lastKnownFileType = sourcecode.c.h; path = ZaifSwift.h; sourceTree = "<group>"; };
		B89412F91D296F9A00AA1A4B /* Info.plist */ = {isa = PBXFileReference; lastKnownFileType = text.plist.xml; path = Info.plist; sourceTree = "<group>"; };
		B89412FE1D296F9A00AA1A4B /* ZaifSwiftTests.xctest */ = {isa = PBXFileReference; explicitFileType = wrapper.cfbundle; includeInIndex = 0; path = ZaifSwiftTests.xctest; sourceTree = BUILT_PRODUCTS_DIR; };
		B89413031D296F9A00AA1A4B /* ZaifSwiftTests.swift */ = {isa = PBXFileReference; lastKnownFileType = sourcecode.swift; path = ZaifSwiftTests.swift; sourceTree = "<group>"; };
		B89413051D296F9A00AA1A4B /* Info.plist */ = {isa = PBXFileReference; lastKnownFileType = text.plist.xml; path = Info.plist; sourceTree = "<group>"; };
		B894130E1D29704100AA1A4B /* Error.swift */ = {isa = PBXFileReference; fileEncoding = 4; lastKnownFileType = sourcecode.swift; path = Error.swift; sourceTree = "<group>"; };
		B894130F1D29704100AA1A4B /* History.swift */ = {isa = PBXFileReference; fileEncoding = 4; lastKnownFileType = sourcecode.swift; path = History.swift; sourceTree = "<group>"; };
		B89413101D29704100AA1A4B /* Nonce.swift */ = {isa = PBXFileReference; fileEncoding = 4; lastKnownFileType = sourcecode.swift; path = Nonce.swift; sourceTree = "<group>"; };
		B89413111D29704100AA1A4B /* Resource.swift */ = {isa = PBXFileReference; fileEncoding = 4; lastKnownFileType = sourcecode.swift; path = Resource.swift; sourceTree = "<group>"; };
		B89413121D29704100AA1A4B /* Trade.swift */ = {isa = PBXFileReference; fileEncoding = 4; lastKnownFileType = sourcecode.swift; path = Trade.swift; sourceTree = "<group>"; };
		B89413131D29704100AA1A4B /* ZaifSwift.swift */ = {isa = PBXFileReference; fileEncoding = 4; lastKnownFileType = sourcecode.swift; path = ZaifSwift.swift; sourceTree = "<group>"; };
		C9D361C22B89D95465F5425A /* Pods_ZaifSwiftTests.framework */ = {isa = PBXFileReference; explicitFileType = wrapper.framework; includeInIndex = 0; path = Pods_ZaifSwiftTests.framework; sourceTree = BUILT_PRODUCTS_DIR; };
		EA8E8FCA31539387044793F0 /* Pods-ZaifSwiftTests.release.xcconfig */ = {isa = PBXFileReference; includeInIndex = 1; lastKnownFileType = text.xcconfig; name = "Pods-ZaifSwiftTests.release.xcconfig"; path = "Pods/Target Support Files/Pods-ZaifSwiftTests/Pods-ZaifSwiftTests.release.xcconfig"; sourceTree = "<group>"; };
/* End PBXFileReference section */

/* Begin PBXFrameworksBuildPhase section */
		B89412F01D296F9A00AA1A4B /* Frameworks */ = {
			isa = PBXFrameworksBuildPhase;
			buildActionMask = 2147483647;
			files = (
				4F24A78DF0357E6DE36C263E /* Pods_ZaifSwift.framework in Frameworks */,
			);
			runOnlyForDeploymentPostprocessing = 0;
		};
		B89412FB1D296F9A00AA1A4B /* Frameworks */ = {
			isa = PBXFrameworksBuildPhase;
			buildActionMask = 2147483647;
			files = (
				B89412FF1D296F9A00AA1A4B /* ZaifSwift.framework in Frameworks */,
				1B58D64CDE4441204D43E6CB /* Pods_ZaifSwiftTests.framework in Frameworks */,
			);
			runOnlyForDeploymentPostprocessing = 0;
		};
/* End PBXFrameworksBuildPhase section */

/* Begin PBXGroup section */
		B89412EA1D296F9900AA1A4B = {
			isa = PBXGroup;
			children = (
				B89412F61D296F9A00AA1A4B /* ZaifSwift */,
				B89413021D296F9A00AA1A4B /* ZaifSwiftTests */,
				B89412F51D296F9A00AA1A4B /* Products */,
				E7AE55B735AFE70D83BB6948 /* Pods */,
				D9DA90D865F93F44B8D75B45 /* Frameworks */,
			);
			sourceTree = "<group>";
		};
		B89412F51D296F9A00AA1A4B /* Products */ = {
			isa = PBXGroup;
			children = (
				B89412F41D296F9A00AA1A4B /* ZaifSwift.framework */,
				B89412FE1D296F9A00AA1A4B /* ZaifSwiftTests.xctest */,
			);
			name = Products;
			sourceTree = "<group>";
		};
		B89412F61D296F9A00AA1A4B /* ZaifSwift */ = {
			isa = PBXGroup;
			children = (
				B894130E1D29704100AA1A4B /* Error.swift */,
				B894130F1D29704100AA1A4B /* History.swift */,
				B89413101D29704100AA1A4B /* Nonce.swift */,
				B89413111D29704100AA1A4B /* Resource.swift */,
				B89413121D29704100AA1A4B /* Trade.swift */,
				B89413131D29704100AA1A4B /* ZaifSwift.swift */,
				B89412F71D296F9A00AA1A4B /* ZaifSwift.h */,
				B89412F91D296F9A00AA1A4B /* Info.plist */,
				B85D96EB1D311F3D00A0B38E /* Stream.swift */,
			);
			path = ZaifSwift;
			sourceTree = "<group>";
		};
		B89413021D296F9A00AA1A4B /* ZaifSwiftTests */ = {
			isa = PBXGroup;
			children = (
				B89413031D296F9A00AA1A4B /* ZaifSwiftTests.swift */,
				B89413051D296F9A00AA1A4B /* Info.plist */,
				B85CA4221D297186008987DA /* Keys.swift */,
			);
			path = ZaifSwiftTests;
			sourceTree = "<group>";
		};
		D9DA90D865F93F44B8D75B45 /* Frameworks */ = {
			isa = PBXGroup;
			children = (
				86F7F6771739DBCB96F342C3 /* Pods_ZaifSwift.framework */,
				C9D361C22B89D95465F5425A /* Pods_ZaifSwiftTests.framework */,
			);
			name = Frameworks;
			sourceTree = "<group>";
		};
		E7AE55B735AFE70D83BB6948 /* Pods */ = {
			isa = PBXGroup;
			children = (
				87CC8CF59C8132644AD8D1A7 /* Pods-ZaifSwift.debug.xcconfig */,
				762D3B034B0D7C38B20B2629 /* Pods-ZaifSwift.release.xcconfig */,
				962AE8221FE26508F001FB5C /* Pods-ZaifSwiftTests.debug.xcconfig */,
				EA8E8FCA31539387044793F0 /* Pods-ZaifSwiftTests.release.xcconfig */,
			);
			name = Pods;
			sourceTree = "<group>";
		};
/* End PBXGroup section */

/* Begin PBXHeadersBuildPhase section */
		B89412F11D296F9A00AA1A4B /* Headers */ = {
			isa = PBXHeadersBuildPhase;
			buildActionMask = 2147483647;
			files = (
				B89412F81D296F9A00AA1A4B /* ZaifSwift.h in Headers */,
			);
			runOnlyForDeploymentPostprocessing = 0;
		};
/* End PBXHeadersBuildPhase section */

/* Begin PBXNativeTarget section */
		B89412F31D296F9A00AA1A4B /* ZaifSwift */ = {
			isa = PBXNativeTarget;
			buildConfigurationList = B89413081D296F9A00AA1A4B /* Build configuration list for PBXNativeTarget "ZaifSwift" */;
			buildPhases = (
				D8724A3ECDCADA1408C029FE /* [CP] Check Pods Manifest.lock */,
				B89412EF1D296F9A00AA1A4B /* Sources */,
				B89412F01D296F9A00AA1A4B /* Frameworks */,
				B89412F11D296F9A00AA1A4B /* Headers */,
				B89412F21D296F9A00AA1A4B /* Resources */,
				903DE75FA089797B59FD3C7D /* [CP] Copy Pods Resources */,
			);
			buildRules = (
			);
			dependencies = (
			);
			name = ZaifSwift;
			productName = ZaifSwift;
			productReference = B89412F41D296F9A00AA1A4B /* ZaifSwift.framework */;
			productType = "com.apple.product-type.framework";
		};
		B89412FD1D296F9A00AA1A4B /* ZaifSwiftTests */ = {
			isa = PBXNativeTarget;
			buildConfigurationList = B894130B1D296F9A00AA1A4B /* Build configuration list for PBXNativeTarget "ZaifSwiftTests" */;
			buildPhases = (
				6178A6EBA6F309018B2D50CC /* [CP] Check Pods Manifest.lock */,
				B89412FA1D296F9A00AA1A4B /* Sources */,
				B89412FB1D296F9A00AA1A4B /* Frameworks */,
				B89412FC1D296F9A00AA1A4B /* Resources */,
				8F37F260467E92272C0E2E27 /* [CP] Embed Pods Frameworks */,
				C7C4E2F574288AC104857241 /* [CP] Copy Pods Resources */,
			);
			buildRules = (
			);
			dependencies = (
				B89413011D296F9A00AA1A4B /* PBXTargetDependency */,
			);
			name = ZaifSwiftTests;
			productName = ZaifSwiftTests;
			productReference = B89412FE1D296F9A00AA1A4B /* ZaifSwiftTests.xctest */;
			productType = "com.apple.product-type.bundle.unit-test";
		};
/* End PBXNativeTarget section */

/* Begin PBXProject section */
		B89412EB1D296F9900AA1A4B /* Project object */ = {
			isa = PBXProject;
			attributes = {
				LastSwiftUpdateCheck = 0730;
				LastUpgradeCheck = 0820;
				ORGANIZATIONNAME = "watanabe kyota";
				TargetAttributes = {
					B89412F31D296F9A00AA1A4B = {
						CreatedOnToolsVersion = 7.3.1;
						DevelopmentTeam = N5PQP73B36;
						LastSwiftMigration = 0800;
					};
					B89412FD1D296F9A00AA1A4B = {
						CreatedOnToolsVersion = 7.3.1;
						DevelopmentTeam = N5PQP73B36;
						LastSwiftMigration = 0800;
					};
				};
			};
			buildConfigurationList = B89412EE1D296F9900AA1A4B /* Build configuration list for PBXProject "ZaifSwift" */;
			compatibilityVersion = "Xcode 3.2";
			developmentRegion = English;
			hasScannedForEncodings = 0;
			knownRegions = (
				en,
			);
			mainGroup = B89412EA1D296F9900AA1A4B;
			productRefGroup = B89412F51D296F9A00AA1A4B /* Products */;
			projectDirPath = "";
			projectRoot = "";
			targets = (
				B89412F31D296F9A00AA1A4B /* ZaifSwift */,
				B89412FD1D296F9A00AA1A4B /* ZaifSwiftTests */,
			);
		};
/* End PBXProject section */

/* Begin PBXResourcesBuildPhase section */
		B89412F21D296F9A00AA1A4B /* Resources */ = {
			isa = PBXResourcesBuildPhase;
			buildActionMask = 2147483647;
			files = (
			);
			runOnlyForDeploymentPostprocessing = 0;
		};
		B89412FC1D296F9A00AA1A4B /* Resources */ = {
			isa = PBXResourcesBuildPhase;
			buildActionMask = 2147483647;
			files = (
			);
			runOnlyForDeploymentPostprocessing = 0;
		};
/* End PBXResourcesBuildPhase section */

/* Begin PBXShellScriptBuildPhase section */
		6178A6EBA6F309018B2D50CC /* [CP] Check Pods Manifest.lock */ = {
			isa = PBXShellScriptBuildPhase;
			buildActionMask = 2147483647;
			files = (
			);
			inputPaths = (
			);
			name = "[CP] Check Pods Manifest.lock";
			outputPaths = (
			);
			runOnlyForDeploymentPostprocessing = 0;
			shellPath = /bin/sh;
			shellScript = "diff \"${PODS_ROOT}/../Podfile.lock\" \"${PODS_ROOT}/Manifest.lock\" > /dev/null\nif [[ $? != 0 ]] ; then\n    cat << EOM\nerror: The sandbox is not in sync with the Podfile.lock. Run 'pod install' or update your CocoaPods installation.\nEOM\n    exit 1\nfi\n";
			showEnvVarsInLog = 0;
		};
		8F37F260467E92272C0E2E27 /* [CP] Embed Pods Frameworks */ = {
			isa = PBXShellScriptBuildPhase;
			buildActionMask = 2147483647;
			files = (
			);
			inputPaths = (
			);
			name = "[CP] Embed Pods Frameworks";
			outputPaths = (
			);
			runOnlyForDeploymentPostprocessing = 0;
			shellPath = /bin/sh;
			shellScript = "\"${SRCROOT}/Pods/Target Support Files/Pods-ZaifSwiftTests/Pods-ZaifSwiftTests-frameworks.sh\"\n";
			showEnvVarsInLog = 0;
		};
		903DE75FA089797B59FD3C7D /* [CP] Copy Pods Resources */ = {
			isa = PBXShellScriptBuildPhase;
			buildActionMask = 2147483647;
			files = (
			);
			inputPaths = (
			);
			name = "[CP] Copy Pods Resources";
			outputPaths = (
			);
			runOnlyForDeploymentPostprocessing = 0;
			shellPath = /bin/sh;
			shellScript = "\"${SRCROOT}/Pods/Target Support Files/Pods-ZaifSwift/Pods-ZaifSwift-resources.sh\"\n";
			showEnvVarsInLog = 0;
		};
		C7C4E2F574288AC104857241 /* [CP] Copy Pods Resources */ = {
			isa = PBXShellScriptBuildPhase;
			buildActionMask = 2147483647;
			files = (
			);
			inputPaths = (
			);
			name = "[CP] Copy Pods Resources";
			outputPaths = (
			);
			runOnlyForDeploymentPostprocessing = 0;
			shellPath = /bin/sh;
			shellScript = "\"${SRCROOT}/Pods/Target Support Files/Pods-ZaifSwiftTests/Pods-ZaifSwiftTests-resources.sh\"\n";
			showEnvVarsInLog = 0;
		};
		D8724A3ECDCADA1408C029FE /* [CP] Check Pods Manifest.lock */ = {
			isa = PBXShellScriptBuildPhase;
			buildActionMask = 2147483647;
			files = (
			);
			inputPaths = (
			);
			name = "[CP] Check Pods Manifest.lock";
			outputPaths = (
			);
			runOnlyForDeploymentPostprocessing = 0;
			shellPath = /bin/sh;
			shellScript = "diff \"${PODS_ROOT}/../Podfile.lock\" \"${PODS_ROOT}/Manifest.lock\" > /dev/null\nif [[ $? != 0 ]] ; then\n    cat << EOM\nerror: The sandbox is not in sync with the Podfile.lock. Run 'pod install' or update your CocoaPods installation.\nEOM\n    exit 1\nfi\n";
			showEnvVarsInLog = 0;
		};
/* End PBXShellScriptBuildPhase section */

/* Begin PBXSourcesBuildPhase section */
		B89412EF1D296F9A00AA1A4B /* Sources */ = {
			isa = PBXSourcesBuildPhase;
			buildActionMask = 2147483647;
			files = (
				B89413181D29704100AA1A4B /* Trade.swift in Sources */,
				B89413151D29704100AA1A4B /* History.swift in Sources */,
				B89413171D29704100AA1A4B /* Resource.swift in Sources */,
				B89413191D29704100AA1A4B /* ZaifSwift.swift in Sources */,
				B89413161D29704100AA1A4B /* Nonce.swift in Sources */,
				B89413141D29704100AA1A4B /* Error.swift in Sources */,
				B85D96EC1D311F3D00A0B38E /* Stream.swift in Sources */,
			);
			runOnlyForDeploymentPostprocessing = 0;
		};
		B89412FA1D296F9A00AA1A4B /* Sources */ = {
			isa = PBXSourcesBuildPhase;
			buildActionMask = 2147483647;
			files = (
				B894131B1D29705800AA1A4B /* History.swift in Sources */,
				B85CA4231D297186008987DA /* Keys.swift in Sources */,
				B894131C1D29705C00AA1A4B /* Nonce.swift in Sources */,
				B894131E1D29706300AA1A4B /* Trade.swift in Sources */,
				B894131A1D29705500AA1A4B /* Error.swift in Sources */,
				B894131F1D29706700AA1A4B /* ZaifSwift.swift in Sources */,
				B894131D1D29706000AA1A4B /* Resource.swift in Sources */,
				B85D96ED1D31544B00A0B38E /* Stream.swift in Sources */,
				B89413041D296F9A00AA1A4B /* ZaifSwiftTests.swift in Sources */,
			);
			runOnlyForDeploymentPostprocessing = 0;
		};
/* End PBXSourcesBuildPhase section */

/* Begin PBXTargetDependency section */
		B89413011D296F9A00AA1A4B /* PBXTargetDependency */ = {
			isa = PBXTargetDependency;
			target = B89412F31D296F9A00AA1A4B /* ZaifSwift */;
			targetProxy = B89413001D296F9A00AA1A4B /* PBXContainerItemProxy */;
		};
/* End PBXTargetDependency section */

/* Begin XCBuildConfiguration section */
		B89413061D296F9A00AA1A4B /* Debug */ = {
			isa = XCBuildConfiguration;
			buildSettings = {
				ALWAYS_SEARCH_USER_PATHS = NO;
				CLANG_ANALYZER_NONNULL = YES;
				CLANG_CXX_LANGUAGE_STANDARD = "gnu++0x";
				CLANG_CXX_LIBRARY = "libc++";
				CLANG_ENABLE_MODULES = YES;
				CLANG_ENABLE_OBJC_ARC = YES;
				CLANG_WARN_BOOL_CONVERSION = YES;
				CLANG_WARN_CONSTANT_CONVERSION = YES;
				CLANG_WARN_DIRECT_OBJC_ISA_USAGE = YES_ERROR;
				CLANG_WARN_EMPTY_BODY = YES;
				CLANG_WARN_ENUM_CONVERSION = YES;
				CLANG_WARN_INFINITE_RECURSION = YES;
				CLANG_WARN_INT_CONVERSION = YES;
				CLANG_WARN_OBJC_ROOT_CLASS = YES_ERROR;
				CLANG_WARN_SUSPICIOUS_MOVE = YES;
				CLANG_WARN_UNREACHABLE_CODE = YES;
				CLANG_WARN__DUPLICATE_METHOD_MATCH = YES;
				"CODE_SIGN_IDENTITY[sdk=iphoneos*]" = "iPhone Developer";
				COPY_PHASE_STRIP = NO;
				CURRENT_PROJECT_VERSION = 1;
				DEBUG_INFORMATION_FORMAT = dwarf;
				ENABLE_STRICT_OBJC_MSGSEND = YES;
				ENABLE_TESTABILITY = YES;
				GCC_C_LANGUAGE_STANDARD = gnu99;
				GCC_DYNAMIC_NO_PIC = NO;
				GCC_NO_COMMON_BLOCKS = YES;
				GCC_OPTIMIZATION_LEVEL = 0;
				GCC_PREPROCESSOR_DEFINITIONS = (
					"DEBUG=1",
					"$(inherited)",
				);
				GCC_WARN_64_TO_32_BIT_CONVERSION = YES;
				GCC_WARN_ABOUT_RETURN_TYPE = YES_ERROR;
				GCC_WARN_UNDECLARED_SELECTOR = YES;
				GCC_WARN_UNINITIALIZED_AUTOS = YES_AGGRESSIVE;
				GCC_WARN_UNUSED_FUNCTION = YES;
				GCC_WARN_UNUSED_VARIABLE = YES;
				IPHONEOS_DEPLOYMENT_TARGET = 9.3;
				MTL_ENABLE_DEBUG_INFO = YES;
				ONLY_ACTIVE_ARCH = YES;
				SDKROOT = iphoneos;
				SWIFT_OPTIMIZATION_LEVEL = "-Onone";
				TARGETED_DEVICE_FAMILY = "1,2";
				VERSIONING_SYSTEM = "apple-generic";
				VERSION_INFO_PREFIX = "";
			};
			name = Debug;
		};
		B89413071D296F9A00AA1A4B /* Release */ = {
			isa = XCBuildConfiguration;
			buildSettings = {
				ALWAYS_SEARCH_USER_PATHS = NO;
				CLANG_ANALYZER_NONNULL = YES;
				CLANG_CXX_LANGUAGE_STANDARD = "gnu++0x";
				CLANG_CXX_LIBRARY = "libc++";
				CLANG_ENABLE_MODULES = YES;
				CLANG_ENABLE_OBJC_ARC = YES;
				CLANG_WARN_BOOL_CONVERSION = YES;
				CLANG_WARN_CONSTANT_CONVERSION = YES;
				CLANG_WARN_DIRECT_OBJC_ISA_USAGE = YES_ERROR;
				CLANG_WARN_EMPTY_BODY = YES;
				CLANG_WARN_ENUM_CONVERSION = YES;
				CLANG_WARN_INFINITE_RECURSION = YES;
				CLANG_WARN_INT_CONVERSION = YES;
				CLANG_WARN_OBJC_ROOT_CLASS = YES_ERROR;
				CLANG_WARN_SUSPICIOUS_MOVE = YES;
				CLANG_WARN_UNREACHABLE_CODE = YES;
				CLANG_WARN__DUPLICATE_METHOD_MATCH = YES;
				"CODE_SIGN_IDENTITY[sdk=iphoneos*]" = "iPhone Developer";
				COPY_PHASE_STRIP = NO;
				CURRENT_PROJECT_VERSION = 1;
				DEBUG_INFORMATION_FORMAT = "dwarf-with-dsym";
				ENABLE_NS_ASSERTIONS = NO;
				ENABLE_STRICT_OBJC_MSGSEND = YES;
				GCC_C_LANGUAGE_STANDARD = gnu99;
				GCC_NO_COMMON_BLOCKS = YES;
				GCC_WARN_64_TO_32_BIT_CONVERSION = YES;
				GCC_WARN_ABOUT_RETURN_TYPE = YES_ERROR;
				GCC_WARN_UNDECLARED_SELECTOR = YES;
				GCC_WARN_UNINITIALIZED_AUTOS = YES_AGGRESSIVE;
				GCC_WARN_UNUSED_FUNCTION = YES;
				GCC_WARN_UNUSED_VARIABLE = YES;
				IPHONEOS_DEPLOYMENT_TARGET = 9.3;
				MTL_ENABLE_DEBUG_INFO = NO;
				SDKROOT = iphoneos;
				SWIFT_OPTIMIZATION_LEVEL = "-Owholemodule";
				TARGETED_DEVICE_FAMILY = "1,2";
				VALIDATE_PRODUCT = YES;
				VERSIONING_SYSTEM = "apple-generic";
				VERSION_INFO_PREFIX = "";
			};
			name = Release;
		};
		B89413091D296F9A00AA1A4B /* Debug */ = {
			isa = XCBuildConfiguration;
			baseConfigurationReference = 87CC8CF59C8132644AD8D1A7 /* Pods-ZaifSwift.debug.xcconfig */;
			buildSettings = {
				ALWAYS_EMBED_SWIFT_STANDARD_LIBRARIES = YES;
				CLANG_ENABLE_MODULES = YES;
				"CODE_SIGN_IDENTITY[sdk=iphoneos*]" = "";
				DEFINES_MODULE = YES;
				DYLIB_COMPATIBILITY_VERSION = 1;
				DYLIB_CURRENT_VERSION = 1;
				DYLIB_INSTALL_NAME_BASE = "@rpath";
				INFOPLIST_FILE = ZaifSwift/Info.plist;
				INSTALL_PATH = "$(LOCAL_LIBRARY_DIR)/Frameworks";
				IPHONEOS_DEPLOYMENT_TARGET = 10.0;
				LD_RUNPATH_SEARCH_PATHS = "$(inherited) @executable_path/Frameworks @loader_path/Frameworks";
				PRODUCT_BUNDLE_IDENTIFIER = com.kyotaw.ZaifSwift;
				PRODUCT_NAME = "$(TARGET_NAME)";
				SKIP_INSTALL = YES;
				SWIFT_OPTIMIZATION_LEVEL = "-Onone";
				SWIFT_VERSION = 3.0;
			};
			name = Debug;
		};
		B894130A1D296F9A00AA1A4B /* Release */ = {
			isa = XCBuildConfiguration;
			baseConfigurationReference = 762D3B034B0D7C38B20B2629 /* Pods-ZaifSwift.release.xcconfig */;
			buildSettings = {
				ALWAYS_EMBED_SWIFT_STANDARD_LIBRARIES = YES;
				CLANG_ENABLE_MODULES = YES;
				"CODE_SIGN_IDENTITY[sdk=iphoneos*]" = "";
				DEFINES_MODULE = YES;
				DYLIB_COMPATIBILITY_VERSION = 1;
				DYLIB_CURRENT_VERSION = 1;
				DYLIB_INSTALL_NAME_BASE = "@rpath";
				INFOPLIST_FILE = ZaifSwift/Info.plist;
				INSTALL_PATH = "$(LOCAL_LIBRARY_DIR)/Frameworks";
				IPHONEOS_DEPLOYMENT_TARGET = 10.0;
				LD_RUNPATH_SEARCH_PATHS = "$(inherited) @executable_path/Frameworks @loader_path/Frameworks";
				PRODUCT_BUNDLE_IDENTIFIER = com.kyotaw.ZaifSwift;
				PRODUCT_NAME = "$(TARGET_NAME)";
				SKIP_INSTALL = YES;
				SWIFT_VERSION = 3.0;
			};
			name = Release;
		};
		B894130C1D296F9A00AA1A4B /* Debug */ = {
			isa = XCBuildConfiguration;
			baseConfigurationReference = 962AE8221FE26508F001FB5C /* Pods-ZaifSwiftTests.debug.xcconfig */;
			buildSettings = {
				ALWAYS_EMBED_SWIFT_STANDARD_LIBRARIES = YES;
				INFOPLIST_FILE = ZaifSwiftTests/Info.plist;
				IPHONEOS_DEPLOYMENT_TARGET = 10.0;
				LD_RUNPATH_SEARCH_PATHS = "$(inherited) @executable_path/Frameworks @loader_path/Frameworks";
				PRODUCT_BUNDLE_IDENTIFIER = com.kyotaw.ZaifSwiftTests;
				PRODUCT_NAME = "$(TARGET_NAME)";
				SWIFT_VERSION = 3.0;
			};
			name = Debug;
		};
		B894130D1D296F9A00AA1A4B /* Release */ = {
			isa = XCBuildConfiguration;
			baseConfigurationReference = EA8E8FCA31539387044793F0 /* Pods-ZaifSwiftTests.release.xcconfig */;
			buildSettings = {
				ALWAYS_EMBED_SWIFT_STANDARD_LIBRARIES = YES;
				INFOPLIST_FILE = ZaifSwiftTests/Info.plist;
				IPHONEOS_DEPLOYMENT_TARGET = 10.0;
				LD_RUNPATH_SEARCH_PATHS = "$(inherited) @executable_path/Frameworks @loader_path/Frameworks";
				PRODUCT_BUNDLE_IDENTIFIER = com.kyotaw.ZaifSwiftTests;
				PRODUCT_NAME = "$(TARGET_NAME)";
				SWIFT_VERSION = 3.0;
			};
			name = Release;
		};
/* End XCBuildConfiguration section */

/* Begin XCConfigurationList section */
		B89412EE1D296F9900AA1A4B /* Build configuration list for PBXProject "ZaifSwift" */ = {
			isa = XCConfigurationList;
			buildConfigurations = (
				B89413061D296F9A00AA1A4B /* Debug */,
				B89413071D296F9A00AA1A4B /* Release */,
			);
			defaultConfigurationIsVisible = 0;
			defaultConfigurationName = Release;
		};
		B89413081D296F9A00AA1A4B /* Build configuration list for PBXNativeTarget "ZaifSwift" */ = {
			isa = XCConfigurationList;
			buildConfigurations = (
				B89413091D296F9A00AA1A4B /* Debug */,
				B894130A1D296F9A00AA1A4B /* Release */,
			);
			defaultConfigurationIsVisible = 0;
			defaultConfigurationName = Release;
		};
		B894130B1D296F9A00AA1A4B /* Build configuration list for PBXNativeTarget "ZaifSwiftTests" */ = {
			isa = XCConfigurationList;
			buildConfigurations = (
				B894130C1D296F9A00AA1A4B /* Debug */,
				B894130D1D296F9A00AA1A4B /* Release */,
			);
			defaultConfigurationIsVisible = 0;
			defaultConfigurationName = Release;
		};
/* End XCConfigurationList section */
	};
	rootObject = B89412EB1D296F9900AA1A4B /* Project object */;
}
